
Microsoft Visual Studio Solution File, Format Version 12.00
# Visual Studio Version 17
VisualStudioVersion = 17.0.31903.59
MinimumVisualStudioVersion = 10.0.40219.1
Project("{2150E333-8FDC-42A3-9474-1A3956D46DE8}") = "src", "src", "{0D63FF9C-C2A1-4512-80ED-D62C7D1BE291}"
EndProject
Project("{FAE04EC0-301F-11D3-BF4B-00C04F79EFBC}") = "Bookify.Domain", "src\Bookify.Domain\Bookify.Domain.csproj", "{1F18F0E4-326C-4467-82A2-CBBB4BC8587B}"
EndProject
Project("{FAE04EC0-301F-11D3-BF4B-00C04F79EFBC}") = "Bookify.Application", "src\Bookify.Application\Bookify.Application.csproj", "{5D235F68-82B7-457E-BD27-5CF73C718ACD}"
EndProject
Global
	GlobalSection(SolutionConfigurationPlatforms) = preSolution
		Debug|Any CPU = Debug|Any CPU
		Release|Any CPU = Release|Any CPU
	EndGlobalSection
	GlobalSection(SolutionProperties) = preSolution
		HideSolutionNode = FALSE
	EndGlobalSection
	GlobalSection(ProjectConfigurationPlatforms) = postSolution
		{1F18F0E4-326C-4467-82A2-CBBB4BC8587B}.Debug|Any CPU.ActiveCfg = Debug|Any CPU
		{1F18F0E4-326C-4467-82A2-CBBB4BC8587B}.Debug|Any CPU.Build.0 = Debug|Any CPU
		{1F18F0E4-326C-4467-82A2-CBBB4BC8587B}.Release|Any CPU.ActiveCfg = Release|Any CPU
		{1F18F0E4-326C-4467-82A2-CBBB4BC8587B}.Release|Any CPU.Build.0 = Release|Any CPU
		{4D50C185-176C-4898-8AF2-5D56E824AEC3}.Debug|Any CPU.ActiveCfg = Debug|Any CPU
		{4D50C185-176C-4898-8AF2-5D56E824AEC3}.Debug|Any CPU.Build.0 = Debug|Any CPU
		{4D50C185-176C-4898-8AF2-5D56E824AEC3}.Release|Any CPU.ActiveCfg = Release|Any CPU
		{4D50C185-176C-4898-8AF2-5D56E824AEC3}.Release|Any CPU.Build.0 = Release|Any CPU
		{5D235F68-82B7-457E-BD27-5CF73C718ACD}.Debug|Any CPU.ActiveCfg = Debug|Any CPU
		{5D235F68-82B7-457E-BD27-5CF73C718ACD}.Debug|Any CPU.Build.0 = Debug|Any CPU
		{5D235F68-82B7-457E-BD27-5CF73C718ACD}.Release|Any CPU.ActiveCfg = Release|Any CPU
		{5D235F68-82B7-457E-BD27-5CF73C718ACD}.Release|Any CPU.Build.0 = Release|Any CPU
	EndGlobalSection
	GlobalSection(NestedProjects) = preSolution
		{1F18F0E4-326C-4467-82A2-CBBB4BC8587B} = {0D63FF9C-C2A1-4512-80ED-D62C7D1BE291}
		{5D235F68-82B7-457E-BD27-5CF73C718ACD} = {0D63FF9C-C2A1-4512-80ED-D62C7D1BE291}
	EndGlobalSection
EndGlobal
